
Microsoft Visual Studio Solution File, Format Version 12.00
# Visual Studio Version 17
VisualStudioVersion = 17.8.34316.72
MinimumVisualStudioVersion = 10.0.40219.1
Project("{FAE04EC0-301F-11D3-BF4B-00C04F79EFBC}") = "cryptosof", "cryptosof.csproj", "{3AC9823C-221A-452B-A88F-1B6C137FCD2E}"
EndProject
Global
	GlobalSection(SolutionConfigurationPlatforms) = preSolution
		Debug|Any CPU = Debug|Any CPU
		Release|Any CPU = Release|Any CPU
	EndGlobalSection
	GlobalSection(ProjectConfigurationPlatforms) = postSolution
		{3AC9823C-221A-452B-A88F-1B6C137FCD2E}.Debug|Any CPU.ActiveCfg = Debug|Any CPU
		{3AC9823C-221A-452B-A88F-1B6C137FCD2E}.Debug|Any CPU.Build.0 = Debug|Any CPU
		{3AC9823C-221A-452B-A88F-1B6C137FCD2E}.Release|Any CPU.ActiveCfg = Release|Any CPU
		{3AC9823C-221A-452B-A88F-1B6C137FCD2E}.Release|Any CPU.Build.0 = Release|Any CPU
	EndGlobalSection
	GlobalSection(SolutionProperties) = preSolution
		HideSolutionNode = FALSE
	EndGlobalSection
	GlobalSection(ExtensibilityGlobals) = postSolution
		SolutionGuid = {202D0CF1-0438-4AA3-912B-20690182ABAF}
	EndGlobalSection
EndGlobal
